
Microsoft Visual Studio Solution File, Format Version 12.00
# Visual Studio Version 17
VisualStudioVersion = 17.3.32901.215
MinimumVisualStudioVersion = 10.0.40219.1
Project("{FAE04EC0-301F-11D3-BF4B-00C04F79EFBC}") = "corsa", "corsa\corsa.csproj", "{5222CBFF-8438-4E36-AF8B-CF7065C45698}"
EndProject
Global
	GlobalSection(SolutionConfigurationPlatforms) = preSolution
		Debug|Any CPU = Debug|Any CPU
		Release|Any CPU = Release|Any CPU
	EndGlobalSection
	GlobalSection(ProjectConfigurationPlatforms) = postSolution
		{5222CBFF-8438-4E36-AF8B-CF7065C45698}.Debug|Any CPU.ActiveCfg = Debug|Any CPU
		{5222CBFF-8438-4E36-AF8B-CF7065C45698}.Debug|Any CPU.Build.0 = Debug|Any CPU
		{5222CBFF-8438-4E36-AF8B-CF7065C45698}.Release|Any CPU.ActiveCfg = Release|Any CPU
		{5222CBFF-8438-4E36-AF8B-CF7065C45698}.Release|Any CPU.Build.0 = Release|Any CPU
	EndGlobalSection
	GlobalSection(SolutionProperties) = preSolution
		HideSolutionNode = FALSE
	EndGlobalSection
	GlobalSection(ExtensibilityGlobals) = postSolution
		SolutionGuid = {88A659C5-B832-45F8-AFC9-287E137C3141}
	EndGlobalSection
EndGlobal
