
Microsoft Visual Studio Solution File, Format Version 12.00
# Visual Studio Version 17
VisualStudioVersion = 17.1.32421.90
MinimumVisualStudioVersion = 10.0.40219.1
Project("{FAE04EC0-301F-11D3-BF4B-00C04F79EFBC}") = "prova classi", "prova classi\prova classi.csproj", "{F270E30F-FA22-4358-9CC0-1BBAD2213D32}"
EndProject
Global
	GlobalSection(SolutionConfigurationPlatforms) = preSolution
		Debug|Any CPU = Debug|Any CPU
		Release|Any CPU = Release|Any CPU
	EndGlobalSection
	GlobalSection(ProjectConfigurationPlatforms) = postSolution
		{F270E30F-FA22-4358-9CC0-1BBAD2213D32}.Debug|Any CPU.ActiveCfg = Debug|Any CPU
		{F270E30F-FA22-4358-9CC0-1BBAD2213D32}.Debug|Any CPU.Build.0 = Debug|Any CPU
		{F270E30F-FA22-4358-9CC0-1BBAD2213D32}.Release|Any CPU.ActiveCfg = Release|Any CPU
		{F270E30F-FA22-4358-9CC0-1BBAD2213D32}.Release|Any CPU.Build.0 = Release|Any CPU
	EndGlobalSection
	GlobalSection(SolutionProperties) = preSolution
		HideSolutionNode = FALSE
	EndGlobalSection
	GlobalSection(ExtensibilityGlobals) = postSolution
		SolutionGuid = {CE599D08-9D91-4468-83D4-29EBE7C2F4A5}
	EndGlobalSection
EndGlobal
