
Microsoft Visual Studio Solution File, Format Version 12.00
# Visual Studio Version 17
VisualStudioVersion = 17.1.32421.90
MinimumVisualStudioVersion = 10.0.40219.1
Project("{FAE04EC0-301F-11D3-BF4B-00C04F79EFBC}") = "scacchi", "scacchi\scacchi.csproj", "{C57F2712-A24E-43BD-9C7C-028C7F7EC308}"
EndProject
Global
	GlobalSection(SolutionConfigurationPlatforms) = preSolution
		Debug|Any CPU = Debug|Any CPU
		Release|Any CPU = Release|Any CPU
	EndGlobalSection
	GlobalSection(ProjectConfigurationPlatforms) = postSolution
		{C57F2712-A24E-43BD-9C7C-028C7F7EC308}.Debug|Any CPU.ActiveCfg = Debug|Any CPU
		{C57F2712-A24E-43BD-9C7C-028C7F7EC308}.Debug|Any CPU.Build.0 = Debug|Any CPU
		{C57F2712-A24E-43BD-9C7C-028C7F7EC308}.Release|Any CPU.ActiveCfg = Release|Any CPU
		{C57F2712-A24E-43BD-9C7C-028C7F7EC308}.Release|Any CPU.Build.0 = Release|Any CPU
	EndGlobalSection
	GlobalSection(SolutionProperties) = preSolution
		HideSolutionNode = FALSE
	EndGlobalSection
	GlobalSection(ExtensibilityGlobals) = postSolution
		SolutionGuid = {63293E8F-90FF-4E16-9CF2-33D57B23551A}
	EndGlobalSection
EndGlobal
